// !$*UTF8*$!
{
	archiveVersion = 1;
	classes = {
	};
	objectVersion = 50;
	objects = {

/* Begin PBXBuildFile section */
		C194D1A520FB4D59009616B7 /* AppDelegate.swift in Sources */ = {isa = PBXBuildFile; fileRef = C194D1A420FB4D59009616B7 /* AppDelegate.swift */; };
		C194D1AC20FB4D59009616B7 /* Main.storyboard in Resources */ = {isa = PBXBuildFile; fileRef = C194D1AA20FB4D59009616B7 /* Main.storyboard */; };
		C194D1AE20FB4D5E009616B7 /* Assets.xcassets in Resources */ = {isa = PBXBuildFile; fileRef = C194D1AD20FB4D5E009616B7 /* Assets.xcassets */; };
		C194D1B120FB4D5E009616B7 /* LaunchScreen.storyboard in Resources */ = {isa = PBXBuildFile; fileRef = C194D1AF20FB4D5E009616B7 /* LaunchScreen.storyboard */; };
		C194D1BD20FB51B2009616B7 /* PlantsMain.storyboard in Resources */ = {isa = PBXBuildFile; fileRef = C194D1BC20FB51B2009616B7 /* PlantsMain.storyboard */; };
		C194D1C420FB5211009616B7 /* UserArea.storyboard in Resources */ = {isa = PBXBuildFile; fileRef = C194D1C320FB5211009616B7 /* UserArea.storyboard */; };
		C194D1C620FB5253009616B7 /* PlantsMainController.swift in Sources */ = {isa = PBXBuildFile; fileRef = C194D1C520FB5253009616B7 /* PlantsMainController.swift */; };
		C194D1C820FB5299009616B7 /* UserAreaController.swift in Sources */ = {isa = PBXBuildFile; fileRef = C194D1C720FB5299009616B7 /* UserAreaController.swift */; };
		C194D1CA20FB5362009616B7 /* Plant.swift in Sources */ = {isa = PBXBuildFile; fileRef = C194D1C920FB5362009616B7 /* Plant.swift */; };
		C19B1C8D20FB599F006192BB /* mainPlantCollectionViewCell.swift in Sources */ = {isa = PBXBuildFile; fileRef = C19B1C8C20FB599F006192BB /* mainPlantCollectionViewCell.swift */; };
		C19B1C8F20FB5FF0006192BB /* PlantsMainCollectionViewHeaderView.swift in Sources */ = {isa = PBXBuildFile; fileRef = C19B1C8E20FB5FF0006192BB /* PlantsMainCollectionViewHeaderView.swift */; };
/* End PBXBuildFile section */

/* Begin PBXFileReference section */
		C194D1A120FB4D59009616B7 /* My garden.app */ = {isa = PBXFileReference; explicitFileType = wrapper.application; includeInIndex = 0; path = "My garden.app"; sourceTree = BUILT_PRODUCTS_DIR; };
		C194D1A420FB4D59009616B7 /* AppDelegate.swift */ = {isa = PBXFileReference; lastKnownFileType = sourcecode.swift; path = AppDelegate.swift; sourceTree = "<group>"; };
		C194D1AB20FB4D59009616B7 /* Base */ = {isa = PBXFileReference; lastKnownFileType = file.storyboard; name = Base; path = Base.lproj/Main.storyboard; sourceTree = "<group>"; };
		C194D1AD20FB4D5E009616B7 /* Assets.xcassets */ = {isa = PBXFileReference; lastKnownFileType = folder.assetcatalog; path = Assets.xcassets; sourceTree = "<group>"; };
		C194D1B020FB4D5E009616B7 /* Base */ = {isa = PBXFileReference; lastKnownFileType = file.storyboard; name = Base; path = Base.lproj/LaunchScreen.storyboard; sourceTree = "<group>"; };
		C194D1B220FB4D5E009616B7 /* Info.plist */ = {isa = PBXFileReference; lastKnownFileType = text.plist.xml; path = Info.plist; sourceTree = "<group>"; };
		C194D1BC20FB51B2009616B7 /* PlantsMain.storyboard */ = {isa = PBXFileReference; lastKnownFileType = file.storyboard; path = PlantsMain.storyboard; sourceTree = "<group>"; };
		C194D1C320FB5211009616B7 /* UserArea.storyboard */ = {isa = PBXFileReference; lastKnownFileType = file.storyboard; path = UserArea.storyboard; sourceTree = "<group>"; };
		C194D1C520FB5253009616B7 /* PlantsMainController.swift */ = {isa = PBXFileReference; lastKnownFileType = sourcecode.swift; path = PlantsMainController.swift; sourceTree = "<group>"; };
		C194D1C720FB5299009616B7 /* UserAreaController.swift */ = {isa = PBXFileReference; lastKnownFileType = sourcecode.swift; path = UserAreaController.swift; sourceTree = "<group>"; };
		C194D1C920FB5362009616B7 /* Plant.swift */ = {isa = PBXFileReference; lastKnownFileType = sourcecode.swift; path = Plant.swift; sourceTree = "<group>"; };
		C19B1C8C20FB599F006192BB /* mainPlantCollectionViewCell.swift */ = {isa = PBXFileReference; lastKnownFileType = sourcecode.swift; path = mainPlantCollectionViewCell.swift; sourceTree = "<group>"; };
		C19B1C8E20FB5FF0006192BB /* PlantsMainCollectionViewHeaderView.swift */ = {isa = PBXFileReference; lastKnownFileType = sourcecode.swift; path = PlantsMainCollectionViewHeaderView.swift; sourceTree = "<group>"; };
/* End PBXFileReference section */

/* Begin PBXFrameworksBuildPhase section */
		C194D19E20FB4D59009616B7 /* Frameworks */ = {
			isa = PBXFrameworksBuildPhase;
			buildActionMask = 2147483647;
			files = (
			);
			runOnlyForDeploymentPostprocessing = 0;
		};
/* End PBXFrameworksBuildPhase section */

/* Begin PBXGroup section */
		C194D19820FB4D59009616B7 = {
			isa = PBXGroup;
			children = (
				C194D1A320FB4D59009616B7 /* My garden */,
				C194D1A220FB4D59009616B7 /* Products */,
			);
			sourceTree = "<group>";
		};
		C194D1A220FB4D59009616B7 /* Products */ = {
			isa = PBXGroup;
			children = (
				C194D1A120FB4D59009616B7 /* My garden.app */,
			);
			name = Products;
			sourceTree = "<group>";
		};
		C194D1A320FB4D59009616B7 /* My garden */ = {
			isa = PBXGroup;
			children = (
				C194D1BE20FB51E5009616B7 /* UserArea */,
				C194D1B820FB517F009616B7 /* PlantsMain */,
				C194D1A420FB4D59009616B7 /* AppDelegate.swift */,
				C194D1AA20FB4D59009616B7 /* Main.storyboard */,
				C194D1AD20FB4D5E009616B7 /* Assets.xcassets */,
				C194D1AF20FB4D5E009616B7 /* LaunchScreen.storyboard */,
				C194D1B220FB4D5E009616B7 /* Info.plist */,
			);
			path = "My garden";
			sourceTree = "<group>";
		};
		C194D1B820FB517F009616B7 /* PlantsMain */ = {
			isa = PBXGroup;
			children = (
				C194D1BA20FB5190009616B7 /* Model */,
				C194D1BB20FB5194009616B7 /* View */,
				C194D1B920FB5188009616B7 /* Controller */,
			);
			path = PlantsMain;
			sourceTree = "<group>";
		};
		C194D1B920FB5188009616B7 /* Controller */ = {
			isa = PBXGroup;
			children = (
				C194D1C520FB5253009616B7 /* PlantsMainController.swift */,
				C19B1C8C20FB599F006192BB /* mainPlantCollectionViewCell.swift */,
				C19B1C8E20FB5FF0006192BB /* PlantsMainCollectionViewHeaderView.swift */,
			);
			path = Controller;
			sourceTree = "<group>";
		};
		C194D1BA20FB5190009616B7 /* Model */ = {
			isa = PBXGroup;
			children = (
				C194D1C920FB5362009616B7 /* Plant.swift */,
			);
			path = Model;
			sourceTree = "<group>";
		};
		C194D1BB20FB5194009616B7 /* View */ = {
			isa = PBXGroup;
			children = (
				C194D1BC20FB51B2009616B7 /* PlantsMain.storyboard */,
			);
			path = View;
			sourceTree = "<group>";
		};
		C194D1BE20FB51E5009616B7 /* UserArea */ = {
			isa = PBXGroup;
			children = (
				C194D1C220FB5202009616B7 /* Model */,
				C194D1C020FB51F9009616B7 /* View */,
				C194D1BF20FB51F3009616B7 /* Controller */,
			);
			path = UserArea;
			sourceTree = "<group>";
		};
		C194D1BF20FB51F3009616B7 /* Controller */ = {
			isa = PBXGroup;
			children = (
				C194D1C720FB5299009616B7 /* UserAreaController.swift */,
			);
			path = Controller;
			sourceTree = "<group>";
		};
		C194D1C020FB51F9009616B7 /* View */ = {
			isa = PBXGroup;
			children = (
				C194D1C320FB5211009616B7 /* UserArea.storyboard */,
			);
			path = View;
			sourceTree = "<group>";
		};
		C194D1C220FB5202009616B7 /* Model */ = {
			isa = PBXGroup;
			children = (
			);
			path = Model;
			sourceTree = "<group>";
		};
/* End PBXGroup section */

/* Begin PBXNativeTarget section */
		C194D1A020FB4D59009616B7 /* My garden */ = {
			isa = PBXNativeTarget;
			buildConfigurationList = C194D1B520FB4D5E009616B7 /* Build configuration list for PBXNativeTarget "My garden" */;
			buildPhases = (
				C194D19D20FB4D59009616B7 /* Sources */,
				C194D19E20FB4D59009616B7 /* Frameworks */,
				C194D19F20FB4D59009616B7 /* Resources */,
			);
			buildRules = (
			);
			dependencies = (
			);
			name = "My garden";
			productName = "My garden";
			productReference = C194D1A120FB4D59009616B7 /* My garden.app */;
			productType = "com.apple.product-type.application";
		};
/* End PBXNativeTarget section */

/* Begin PBXProject section */
		C194D19920FB4D59009616B7 /* Project object */ = {
			isa = PBXProject;
			attributes = {
				LastSwiftUpdateCheck = 0940;
				LastUpgradeCheck = 0940;
				ORGANIZATIONNAME = "Alex Filimonov";
				TargetAttributes = {
					C194D1A020FB4D59009616B7 = {
						CreatedOnToolsVersion = 9.4.1;
					};
				};
			};
			buildConfigurationList = C194D19C20FB4D59009616B7 /* Build configuration list for PBXProject "My garden" */;
			compatibilityVersion = "Xcode 9.3";
			developmentRegion = en;
			hasScannedForEncodings = 0;
			knownRegions = (
				en,
				Base,
			);
			mainGroup = C194D19820FB4D59009616B7;
			productRefGroup = C194D1A220FB4D59009616B7 /* Products */;
			projectDirPath = "";
			projectRoot = "";
			targets = (
				C194D1A020FB4D59009616B7 /* My garden */,
			);
		};
/* End PBXProject section */

/* Begin PBXResourcesBuildPhase section */
		C194D19F20FB4D59009616B7 /* Resources */ = {
			isa = PBXResourcesBuildPhase;
			buildActionMask = 2147483647;
			files = (
				C194D1C420FB5211009616B7 /* UserArea.storyboard in Resources */,
				C194D1B120FB4D5E009616B7 /* LaunchScreen.storyboard in Resources */,
				C194D1AE20FB4D5E009616B7 /* Assets.xcassets in Resources */,
				C194D1AC20FB4D59009616B7 /* Main.storyboard in Resources */,
				C194D1BD20FB51B2009616B7 /* PlantsMain.storyboard in Resources */,
			);
			runOnlyForDeploymentPostprocessing = 0;
		};
/* End PBXResourcesBuildPhase section */

/* Begin PBXSourcesBuildPhase section */
		C194D19D20FB4D59009616B7 /* Sources */ = {
			isa = PBXSourcesBuildPhase;
			buildActionMask = 2147483647;
			files = (
				C194D1A520FB4D59009616B7 /* AppDelegate.swift in Sources */,
				C194D1CA20FB5362009616B7 /* Plant.swift in Sources */,
				C19B1C8D20FB599F006192BB /* mainPlantCollectionViewCell.swift in Sources */,
				C194D1C820FB5299009616B7 /* UserAreaController.swift in Sources */,
				C194D1C620FB5253009616B7 /* PlantsMainController.swift in Sources */,
				C19B1C8F20FB5FF0006192BB /* PlantsMainCollectionViewHeaderView.swift in Sources */,
			);
			runOnlyForDeploymentPostprocessing = 0;
		};
/* End PBXSourcesBuildPhase section */

/* Begin PBXVariantGroup section */
		C194D1AA20FB4D59009616B7 /* Main.storyboard */ = {
			isa = PBXVariantGroup;
			children = (
				C194D1AB20FB4D59009616B7 /* Base */,
			);
			name = Main.storyboard;
			sourceTree = "<group>";
		};
		C194D1AF20FB4D5E009616B7 /* LaunchScreen.storyboard */ = {
			isa = PBXVariantGroup;
			children = (
				C194D1B020FB4D5E009616B7 /* Base */,
			);
			name = LaunchScreen.storyboard;
			sourceTree = "<group>";
		};
/* End PBXVariantGroup section */

/* Begin XCBuildConfiguration section */
		C194D1B320FB4D5E009616B7 /* Debug */ = {
			isa = XCBuildConfiguration;
			buildSettings = {
				ALWAYS_SEARCH_USER_PATHS = NO;
				CLANG_ANALYZER_NONNULL = YES;
				CLANG_ANALYZER_NUMBER_OBJECT_CONVERSION = YES_AGGRESSIVE;
				CLANG_CXX_LANGUAGE_STANDARD = "gnu++14";
				CLANG_CXX_LIBRARY = "libc++";
				CLANG_ENABLE_MODULES = YES;
				CLANG_ENABLE_OBJC_ARC = YES;
				CLANG_ENABLE_OBJC_WEAK = YES;
				CLANG_WARN_BLOCK_CAPTURE_AUTORELEASING = YES;
				CLANG_WARN_BOOL_CONVERSION = YES;
				CLANG_WARN_COMMA = YES;
				CLANG_WARN_CONSTANT_CONVERSION = YES;
				CLANG_WARN_DEPRECATED_OBJC_IMPLEMENTATIONS = YES;
				CLANG_WARN_DIRECT_OBJC_ISA_USAGE = YES_ERROR;
				CLANG_WARN_DOCUMENTATION_COMMENTS = YES;
				CLANG_WARN_EMPTY_BODY = YES;
				CLANG_WARN_ENUM_CONVERSION = YES;
				CLANG_WARN_INFINITE_RECURSION = YES;
				CLANG_WARN_INT_CONVERSION = YES;
				CLANG_WARN_NON_LITERAL_NULL_CONVERSION = YES;
				CLANG_WARN_OBJC_IMPLICIT_RETAIN_SELF = YES;
				CLANG_WARN_OBJC_LITERAL_CONVERSION = YES;
				CLANG_WARN_OBJC_ROOT_CLASS = YES_ERROR;
				CLANG_WARN_RANGE_LOOP_ANALYSIS = YES;
				CLANG_WARN_STRICT_PROTOTYPES = YES;
				CLANG_WARN_SUSPICIOUS_MOVE = YES;
				CLANG_WARN_UNGUARDED_AVAILABILITY = YES_AGGRESSIVE;
				CLANG_WARN_UNREACHABLE_CODE = YES;
				CLANG_WARN__DUPLICATE_METHOD_MATCH = YES;
				CODE_SIGN_IDENTITY = "iPhone Developer";
				COPY_PHASE_STRIP = NO;
				DEBUG_INFORMATION_FORMAT = dwarf;
				ENABLE_STRICT_OBJC_MSGSEND = YES;
				ENABLE_TESTABILITY = YES;
				GCC_C_LANGUAGE_STANDARD = gnu11;
				GCC_DYNAMIC_NO_PIC = NO;
				GCC_NO_COMMON_BLOCKS = YES;
				GCC_OPTIMIZATION_LEVEL = 0;
				GCC_PREPROCESSOR_DEFINITIONS = (
					"DEBUG=1",
					"$(inherited)",
				);
				GCC_WARN_64_TO_32_BIT_CONVERSION = YES;
				GCC_WARN_ABOUT_RETURN_TYPE = YES_ERROR;
				GCC_WARN_UNDECLARED_SELECTOR = YES;
				GCC_WARN_UNINITIALIZED_AUTOS = YES_AGGRESSIVE;
				GCC_WARN_UNUSED_FUNCTION = YES;
				GCC_WARN_UNUSED_VARIABLE = YES;
				IPHONEOS_DEPLOYMENT_TARGET = 11.4;
				MTL_ENABLE_DEBUG_INFO = YES;
				ONLY_ACTIVE_ARCH = YES;
				SDKROOT = iphoneos;
				SWIFT_ACTIVE_COMPILATION_CONDITIONS = DEBUG;
				SWIFT_OPTIMIZATION_LEVEL = "-Onone";
			};
			name = Debug;
		};
		C194D1B420FB4D5E009616B7 /* Release */ = {
			isa = XCBuildConfiguration;
			buildSettings = {
				ALWAYS_SEARCH_USER_PATHS = NO;
				CLANG_ANALYZER_NONNULL = YES;
				CLANG_ANALYZER_NUMBER_OBJECT_CONVERSION = YES_AGGRESSIVE;
				CLANG_CXX_LANGUAGE_STANDARD = "gnu++14";
				CLANG_CXX_LIBRARY = "libc++";
				CLANG_ENABLE_MODULES = YES;
				CLANG_ENABLE_OBJC_ARC = YES;
				CLANG_ENABLE_OBJC_WEAK = YES;
				CLANG_WARN_BLOCK_CAPTURE_AUTORELEASING = YES;
				CLANG_WARN_BOOL_CONVERSION = YES;
				CLANG_WARN_COMMA = YES;
				CLANG_WARN_CONSTANT_CONVERSION = YES;
				CLANG_WARN_DEPRECATED_OBJC_IMPLEMENTATIONS = YES;
				CLANG_WARN_DIRECT_OBJC_ISA_USAGE = YES_ERROR;
				CLANG_WARN_DOCUMENTATION_COMMENTS = YES;
				CLANG_WARN_EMPTY_BODY = YES;
				CLANG_WARN_ENUM_CONVERSION = YES;
				CLANG_WARN_INFINITE_RECURSION = YES;
				CLANG_WARN_INT_CONVERSION = YES;
				CLANG_WARN_NON_LITERAL_NULL_CONVERSION = YES;
				CLANG_WARN_OBJC_IMPLICIT_RETAIN_SELF = YES;
				CLANG_WARN_OBJC_LITERAL_CONVERSION = YES;
				CLANG_WARN_OBJC_ROOT_CLASS = YES_ERROR;
				CLANG_WARN_RANGE_LOOP_ANALYSIS = YES;
				CLANG_WARN_STRICT_PROTOTYPES = YES;
				CLANG_WARN_SUSPICIOUS_MOVE = YES;
				CLANG_WARN_UNGUARDED_AVAILABILITY = YES_AGGRESSIVE;
				CLANG_WARN_UNREACHABLE_CODE = YES;
				CLANG_WARN__DUPLICATE_METHOD_MATCH = YES;
				CODE_SIGN_IDENTITY = "iPhone Developer";
				COPY_PHASE_STRIP = NO;
				DEBUG_INFORMATION_FORMAT = "dwarf-with-dsym";
				ENABLE_NS_ASSERTIONS = NO;
				ENABLE_STRICT_OBJC_MSGSEND = YES;
				GCC_C_LANGUAGE_STANDARD = gnu11;
				GCC_NO_COMMON_BLOCKS = YES;
				GCC_WARN_64_TO_32_BIT_CONVERSION = YES;
				GCC_WARN_ABOUT_RETURN_TYPE = YES_ERROR;
				GCC_WARN_UNDECLARED_SELECTOR = YES;
				GCC_WARN_UNINITIALIZED_AUTOS = YES_AGGRESSIVE;
				GCC_WARN_UNUSED_FUNCTION = YES;
				GCC_WARN_UNUSED_VARIABLE = YES;
				IPHONEOS_DEPLOYMENT_TARGET = 11.4;
				MTL_ENABLE_DEBUG_INFO = NO;
				SDKROOT = iphoneos;
				SWIFT_COMPILATION_MODE = wholemodule;
				SWIFT_OPTIMIZATION_LEVEL = "-O";
				VALIDATE_PRODUCT = YES;
			};
			name = Release;
		};
		C194D1B620FB4D5E009616B7 /* Debug */ = {
			isa = XCBuildConfiguration;
			buildSettings = {
				ASSETCATALOG_COMPILER_APPICON_NAME = AppIcon;
				CODE_SIGN_STYLE = Automatic;
				DEVELOPMENT_TEAM = 489RNAA8R2;
				INFOPLIST_FILE = "My garden/Info.plist";
				LD_RUNPATH_SEARCH_PATHS = (
					"$(inherited)",
					"@executable_path/Frameworks",
				);
				PRODUCT_BUNDLE_IDENTIFIER = "ru.alexfilimon.My-garden";
				PRODUCT_NAME = "$(TARGET_NAME)";
				SWIFT_VERSION = 4.0;
				TARGETED_DEVICE_FAMILY = "1,2";
			};
			name = Debug;
		};
		C194D1B720FB4D5E009616B7 /* Release */ = {
			isa = XCBuildConfiguration;
			buildSettings = {
				ASSETCATALOG_COMPILER_APPICON_NAME = AppIcon;
				CODE_SIGN_STYLE = Automatic;
				DEVELOPMENT_TEAM = 489RNAA8R2;
				INFOPLIST_FILE = "My garden/Info.plist";
				LD_RUNPATH_SEARCH_PATHS = (
					"$(inherited)",
					"@executable_path/Frameworks",
				);
				PRODUCT_BUNDLE_IDENTIFIER = "ru.alexfilimon.My-garden";
				PRODUCT_NAME = "$(TARGET_NAME)";
				SWIFT_VERSION = 4.0;
				TARGETED_DEVICE_FAMILY = "1,2";
			};
			name = Release;
		};
/* End XCBuildConfiguration section */

/* Begin XCConfigurationList section */
		C194D19C20FB4D59009616B7 /* Build configuration list for PBXProject "My garden" */ = {
			isa = XCConfigurationList;
			buildConfigurations = (
				C194D1B320FB4D5E009616B7 /* Debug */,
				C194D1B420FB4D5E009616B7 /* Release */,
			);
			defaultConfigurationIsVisible = 0;
			defaultConfigurationName = Release;
		};
		C194D1B520FB4D5E009616B7 /* Build configuration list for PBXNativeTarget "My garden" */ = {
			isa = XCConfigurationList;
			buildConfigurations = (
				C194D1B620FB4D5E009616B7 /* Debug */,
				C194D1B720FB4D5E009616B7 /* Release */,
			);
			defaultConfigurationIsVisible = 0;
			defaultConfigurationName = Release;
		};
/* End XCConfigurationList section */
	};
	rootObject = C194D19920FB4D59009616B7 /* Project object */;
}
